# THIS IS AN AUTOGENERATED FILE. DO NOT EDIT THIS FILE DIRECTLY.
# yarn lockfile v1


basic-logger@^0.4.4:
  version "0.4.4"
  resolved "https://registry.yarnpkg.com/basic-logger/-/basic-logger-0.4.4.tgz#11e17eb04fee3fc252e3d6c6be065e5a8988f807"
  dependencies:
    pkginfo "0.2.x"
    underscore "1.2.x"

bson@~1.0.4:
  version "1.0.6"
  resolved "https://registry.yarnpkg.com/bson/-/bson-1.0.6.tgz#444db59ddd4c24f0cb063aabdc5c8c7b0ceca912"

colors@1.0.3:
  version "1.0.3"
  resolved "https://registry.yarnpkg.com/colors/-/colors-1.0.3.tgz#0433f44d809680fdeb60ed260f1b0c262e82a40b"

colors@^1.1.2:
  version "1.2.5"
  resolved "https://registry.yarnpkg.com/colors/-/colors-1.2.5.tgz#89c7ad9a374bc030df8013241f68136ed8835afc"

minimist@^1.2.0:
  version "1.2.0"
  resolved "https://registry.yarnpkg.com/minimist/-/minimist-1.2.0.tgz#a35008b20f41383eec1fb914f4cd5df79a264284"

mongodb-core@3.1.0-beta4:
  version "3.1.0-beta4"
  resolved "https://registry.yarnpkg.com/mongodb-core/-/mongodb-core-3.1.0-beta4.tgz#44813da6ee0a61d26f0d523207cfba8ca32e59fc"
  dependencies:
    bson "~1.0.4"
    require_optional "^1.0.1"
  optionalDependencies:
    saslprep "^1.0.0"

mongodb@^3.1.0-beta4:
  version "3.1.0-beta4"
  resolved "https://registry.yarnpkg.com/mongodb/-/mongodb-3.1.0-beta4.tgz#922cb05c37d04a51ea783569743ef2a893585bfe"
  dependencies:
    mongodb-core "3.1.0-beta4"

pkginfo@0.2.x:
  version "0.2.3"
  resolved "https://registry.yarnpkg.com/pkginfo/-/pkginfo-0.2.3.tgz#7239c42a5ef6c30b8f328439d9b9ff71042490f8"

pretty-logger@^0.1.2:
  version "0.1.2"
  resolved "https://registry.yarnpkg.com/pretty-logger/-/pretty-logger-0.1.2.tgz#9210ee0e1b64fe5b4bed5b8123bed7055ef1d41c"
  dependencies:
    basic-logger "^0.4.4"
    colors "1.0.3"
    pkginfo "0.2.x"
    underscore "^1.7.0"

prettyjson@^1.2.1:
  version "1.2.1"
  resolved "https://registry.yarnpkg.com/prettyjson/-/prettyjson-1.2.1.tgz#fcffab41d19cab4dfae5e575e64246619b12d289"
  dependencies:
    colors "^1.1.2"
    minimist "^1.2.0"

require_optional@^1.0.1:
  version "1.0.1"
  resolved "https://registry.yarnpkg.com/require_optional/-/require_optional-1.0.1.tgz#4cf35a4247f64ca3df8c2ef208cc494b1ca8fc2e"
  dependencies:
    resolve-from "^2.0.0"
    semver "^5.1.0"

resolve-from@^2.0.0:
  version "2.0.0"
  resolved "https://registry.yarnpkg.com/resolve-from/-/resolve-from-2.0.0.tgz#9480ab20e94ffa1d9e80a804c7ea147611966b57"

saslprep@^1.0.0:
  version "1.0.0"
  resolved "https://registry.yarnpkg.com/saslprep/-/saslprep-1.0.0.tgz#2c4968a0bfbf249530cd597bc62870ccd4b41a24"

semver@^5.1.0:
  version "5.5.0"
  resolved "https://registry.yarnpkg.com/semver/-/semver-5.5.0.tgz#dc4bbc7a6ca9d916dee5d43516f0092b58f7b8ab"

underscore@1.2.x:
  version "1.2.4"
  resolved "https://registry.yarnpkg.com/underscore/-/underscore-1.2.4.tgz#e8da6241aa06f64df2473bb2590b8c17c84c3c7e"

underscore@^1.7.0:
  version "1.9.0"
  resolved "https://registry.yarnpkg.com/underscore/-/underscore-1.9.0.tgz#31dbb314cfcc88f169cd3692d9149d81a00a73e4"

vue-async-computed@^3.3.1:
  version "3.3.1"
  resolved "https://registry.yarnpkg.com/vue-async-computed/-/vue-async-computed-3.3.1.tgz#9d754e649ccabef97e7e3932f1bc097a66a23db7"
